
Microsoft Visual Studio Solution File, Format Version 12.00
# Visual Studio 15
VisualStudioVersion = 15.0.28307.779
MinimumVisualStudioVersion = 10.0.40219.1
Project("{FAE04EC0-301F-11D3-BF4B-00C04F79EFBC}") = "KT", "KT\KT.csproj", "{C83801CA-45FC-4641-B294-C3652014DB04}"
EndProject
Global
	GlobalSection(SolutionConfigurationPlatforms) = preSolution
		Debug|Any CPU = Debug|Any CPU
		Release|Any CPU = Release|Any CPU
	EndGlobalSection
	GlobalSection(ProjectConfigurationPlatforms) = postSolution
		{C83801CA-45FC-4641-B294-C3652014DB04}.Debug|Any CPU.ActiveCfg = Debug|Any CPU
		{C83801CA-45FC-4641-B294-C3652014DB04}.Debug|Any CPU.Build.0 = Debug|Any CPU
		{C83801CA-45FC-4641-B294-C3652014DB04}.Release|Any CPU.ActiveCfg = Release|Any CPU
		{C83801CA-45FC-4641-B294-C3652014DB04}.Release|Any CPU.Build.0 = Release|Any CPU
	EndGlobalSection
	GlobalSection(SolutionProperties) = preSolution
		HideSolutionNode = FALSE
	EndGlobalSection
	GlobalSection(ExtensibilityGlobals) = postSolution
		SolutionGuid = {2C7478CB-2E3D-4224-A981-14E0F58313F2}
	EndGlobalSection
EndGlobal
